
Microsoft Visual Studio Solution File, Format Version 11.00
# Visual Studio 2010
# SharpDevelop 4.4
Project("{FAE04EC0-301F-11D3-BF4B-00C04F79EFBC}") = "Ej 1.2", "Ej 1.2.csproj", "{23392C63-6F43-4FC6-AC6D-77921BE95331}"
EndProject
Global
	GlobalSection(SolutionConfigurationPlatforms) = preSolution
		Debug|Any CPU = Debug|Any CPU
		Release|Any CPU = Release|Any CPU
	EndGlobalSection
	GlobalSection(ProjectConfigurationPlatforms) = postSolution
		{23392C63-6F43-4FC6-AC6D-77921BE95331}.Debug|Any CPU.Build.0 = Debug|Any CPU
		{23392C63-6F43-4FC6-AC6D-77921BE95331}.Debug|Any CPU.ActiveCfg = Debug|Any CPU
		{23392C63-6F43-4FC6-AC6D-77921BE95331}.Release|Any CPU.Build.0 = Release|Any CPU
		{23392C63-6F43-4FC6-AC6D-77921BE95331}.Release|Any CPU.ActiveCfg = Release|Any CPU
	EndGlobalSection
EndGlobal
