
Microsoft Visual Studio Solution File, Format Version 11.00
# Visual Studio 2010
# SharpDevelop 5.1
Project("{FAE04EC0-301F-11D3-BF4B-00C04F79EFBC}") = "ej 4 ver 2", "ej 4 ver 2\ej 4 ver 2.csproj", "{3075556B-EB1A-45A9-9F41-1F1D1058EE39}"
EndProject
Global
	GlobalSection(SolutionConfigurationPlatforms) = preSolution
		Debug|Any CPU = Debug|Any CPU
		Release|Any CPU = Release|Any CPU
	EndGlobalSection
	GlobalSection(ProjectConfigurationPlatforms) = postSolution
		{3075556B-EB1A-45A9-9F41-1F1D1058EE39}.Debug|Any CPU.ActiveCfg = Debug|Any CPU
		{3075556B-EB1A-45A9-9F41-1F1D1058EE39}.Debug|Any CPU.Build.0 = Debug|Any CPU
		{3075556B-EB1A-45A9-9F41-1F1D1058EE39}.Release|Any CPU.ActiveCfg = Release|Any CPU
		{3075556B-EB1A-45A9-9F41-1F1D1058EE39}.Release|Any CPU.Build.0 = Release|Any CPU
	EndGlobalSection
EndGlobal
